{
  "requires": true,
  "lockfileVersion": 1,
  "dependencies": {
    "@splidejs/splide": {
      "version": "3.1.7",
      "resolved": "https://registry.npmjs.org/@splidejs/splide/-/splide-3.1.7.tgz",
      "integrity": "sha512-1mZ4hY7hPGBStfqiwPdJJL1jRsn+n7f5pX0raQPrKcbqJTYypD279NrRW/szrEgpK/1hjU9fL0/00fiF6ZCxqQ=="
    }
  }
}
